{
  "nodes": {
    "nixpkgs": {
      "locked": {
        "lastModified": 1786650415,
        "narHash": "sha256-6h5+mDi17qukWB1Bg1899F3qX2yjoFYZD6uLsMkLIf8=",
        "owner": "NixOS",
        "repo": "nixpkgs",
        "rev": "efef4deb458e5d0234c7ebf3b15e3abf984019a9",
        "type": "github"
      },
      "original": {
        "owner": "NixOS",
        "repo": "nixpkgs",
        "rev": "efef4deb458e5d0234c7ebf3b15e3abf984019a9",
        "type": "github"
      }
    },
    "root": {
      "inputs": {
        "nixpkgs": "nixpkgs",
        "vulndb": "vulndb"
      }
    },
    "vulndb": {
      "flake": false,
      "locked": {
        "lastModified": 1790613820,
        "narHash": "sha256-zV/uDPwtue1OjZehnmUQWe7FExNgWkvsGVIBgVt57AQ=",
        "owner": "golang",
        "repo": "vulndb",
        "rev": "5775cfa9da25ff717723a7bb7ea716c86f056335",
        "type": "github"
      },
      "original": {
        "owner": "golang",
        "repo": "vulndb",
        "rev": "5775cfa9da25ff717723a7bb7ea716c86f056335",
        "type": "github"
      }
    }
  },
  "root": "root",
  "version": 7
}
